
Microsoft Visual Studio Solution File, Format Version 12.00
# Visual Studio Version 16
VisualStudioVersion = 16.0.30804.86
MinimumVisualStudioVersion = 10.0.40219.1
Project("{9A19103F-16F7-4668-BE54-9A1E7A4F7556}") = "CMSrequester", "CMSrequester\CMSrequester.csproj", "{57934A07-04A4-48D5-A0CD-BEDD2DF52198}"
EndProject
Global
	GlobalSection(SolutionConfigurationPlatforms) = preSolution
		Debug|Any CPU = Debug|Any CPU
		Debug|x64 = Debug|x64
		Release|Any CPU = Release|Any CPU
		Release|x64 = Release|x64
	EndGlobalSection
	GlobalSection(ProjectConfigurationPlatforms) = postSolution
		{57934A07-04A4-48D5-A0CD-BEDD2DF52198}.Debug|Any CPU.ActiveCfg = Debug|Any CPU
		{57934A07-04A4-48D5-A0CD-BEDD2DF52198}.Debug|Any CPU.Build.0 = Debug|Any CPU
		{57934A07-04A4-48D5-A0CD-BEDD2DF52198}.Debug|x64.ActiveCfg = Debug|x64
		{57934A07-04A4-48D5-A0CD-BEDD2DF52198}.Debug|x64.Build.0 = Debug|x64
		{57934A07-04A4-48D5-A0CD-BEDD2DF52198}.Release|Any CPU.ActiveCfg = Release|Any CPU
		{57934A07-04A4-48D5-A0CD-BEDD2DF52198}.Release|Any CPU.Build.0 = Release|Any CPU
		{57934A07-04A4-48D5-A0CD-BEDD2DF52198}.Release|x64.ActiveCfg = Release|x64
		{57934A07-04A4-48D5-A0CD-BEDD2DF52198}.Release|x64.Build.0 = Release|x64
	EndGlobalSection
	GlobalSection(SolutionProperties) = preSolution
		HideSolutionNode = FALSE
	EndGlobalSection
	GlobalSection(ExtensibilityGlobals) = postSolution
		SolutionGuid = {6EF8468F-42F5-41A2-9CD9-F7CF2C6D065C}
	EndGlobalSection
EndGlobal
